
Microsoft Visual Studio Solution File, Format Version 12.00
# Visual Studio Version 17
VisualStudioVersion = 17.0.31903.59
MinimumVisualStudioVersion = 10.0.40219.1
Project("{2150E333-8FDC-42A3-9474-1A3956D46DE8}") = "src", "src", "{2A984423-45E9-4E69-BECA-301EA879BF28}"
EndProject
Project("{FAE04EC0-301F-11D3-BF4B-00C04F79EFBC}") = "AuctionService", "src\AuctionService\AuctionService.csproj", "{1779249C-8FDE-48A1-893C-B093664473D5}"
EndProject
Project("{FAE04EC0-301F-11D3-BF4B-00C04F79EFBC}") = "SearchService", "src\SearchService\SearchService.csproj", "{B17AD758-7C6A-4138-96EE-69DA91E49374}"
EndProject
Project("{FAE04EC0-301F-11D3-BF4B-00C04F79EFBC}") = "Contracts", "src\Contracts\Contracts.csproj", "{53DEA863-A03B-4D96-9C18-D1568CB9FD49}"
EndProject
Project("{FAE04EC0-301F-11D3-BF4B-00C04F79EFBC}") = "IdentityService", "src\IdentityService\IdentityService.csproj", "{62C30882-4598-4565-BE04-E9B9CFE7A41F}"
EndProject
Global
	GlobalSection(SolutionConfigurationPlatforms) = preSolution
		Debug|Any CPU = Debug|Any CPU
		Release|Any CPU = Release|Any CPU
	EndGlobalSection
	GlobalSection(SolutionProperties) = preSolution
		HideSolutionNode = FALSE
	EndGlobalSection
	GlobalSection(ProjectConfigurationPlatforms) = postSolution
		{1779249C-8FDE-48A1-893C-B093664473D5}.Debug|Any CPU.ActiveCfg = Debug|Any CPU
		{1779249C-8FDE-48A1-893C-B093664473D5}.Debug|Any CPU.Build.0 = Debug|Any CPU
		{1779249C-8FDE-48A1-893C-B093664473D5}.Release|Any CPU.ActiveCfg = Release|Any CPU
		{1779249C-8FDE-48A1-893C-B093664473D5}.Release|Any CPU.Build.0 = Release|Any CPU
		{B17AD758-7C6A-4138-96EE-69DA91E49374}.Debug|Any CPU.ActiveCfg = Debug|Any CPU
		{B17AD758-7C6A-4138-96EE-69DA91E49374}.Debug|Any CPU.Build.0 = Debug|Any CPU
		{B17AD758-7C6A-4138-96EE-69DA91E49374}.Release|Any CPU.ActiveCfg = Release|Any CPU
		{B17AD758-7C6A-4138-96EE-69DA91E49374}.Release|Any CPU.Build.0 = Release|Any CPU
		{53DEA863-A03B-4D96-9C18-D1568CB9FD49}.Debug|Any CPU.ActiveCfg = Debug|Any CPU
		{53DEA863-A03B-4D96-9C18-D1568CB9FD49}.Debug|Any CPU.Build.0 = Debug|Any CPU
		{53DEA863-A03B-4D96-9C18-D1568CB9FD49}.Release|Any CPU.ActiveCfg = Release|Any CPU
		{53DEA863-A03B-4D96-9C18-D1568CB9FD49}.Release|Any CPU.Build.0 = Release|Any CPU
		{62C30882-4598-4565-BE04-E9B9CFE7A41F}.Debug|Any CPU.ActiveCfg = Debug|Any CPU
		{62C30882-4598-4565-BE04-E9B9CFE7A41F}.Debug|Any CPU.Build.0 = Debug|Any CPU
		{62C30882-4598-4565-BE04-E9B9CFE7A41F}.Release|Any CPU.ActiveCfg = Release|Any CPU
		{62C30882-4598-4565-BE04-E9B9CFE7A41F}.Release|Any CPU.Build.0 = Release|Any CPU
	EndGlobalSection
	GlobalSection(NestedProjects) = preSolution
		{1779249C-8FDE-48A1-893C-B093664473D5} = {2A984423-45E9-4E69-BECA-301EA879BF28}
		{B17AD758-7C6A-4138-96EE-69DA91E49374} = {2A984423-45E9-4E69-BECA-301EA879BF28}
		{53DEA863-A03B-4D96-9C18-D1568CB9FD49} = {2A984423-45E9-4E69-BECA-301EA879BF28}
		{62C30882-4598-4565-BE04-E9B9CFE7A41F} = {2A984423-45E9-4E69-BECA-301EA879BF28}
	EndGlobalSection
EndGlobal
